
Microsoft Visual Studio Solution File, Format Version 12.00
# Visual Studio 15
VisualStudioVersion = 15.0.28307.539
MinimumVisualStudioVersion = 10.0.40219.1
Project("{FAE04EC0-301F-11D3-BF4B-00C04F79EFBC}") = "EventHubConsumer", "EventHubConsumer\EventHubConsumer.csproj", "{BC1AD2EA-1D54-46AE-83F3-8B8CC650C6C0}"
EndProject
Global
	GlobalSection(SolutionConfigurationPlatforms) = preSolution
		Debug|Any CPU = Debug|Any CPU
		Release|Any CPU = Release|Any CPU
	EndGlobalSection
	GlobalSection(ProjectConfigurationPlatforms) = postSolution
		{BC1AD2EA-1D54-46AE-83F3-8B8CC650C6C0}.Debug|Any CPU.ActiveCfg = Debug|Any CPU
		{BC1AD2EA-1D54-46AE-83F3-8B8CC650C6C0}.Debug|Any CPU.Build.0 = Debug|Any CPU
		{BC1AD2EA-1D54-46AE-83F3-8B8CC650C6C0}.Release|Any CPU.ActiveCfg = Release|Any CPU
		{BC1AD2EA-1D54-46AE-83F3-8B8CC650C6C0}.Release|Any CPU.Build.0 = Release|Any CPU
	EndGlobalSection
	GlobalSection(SolutionProperties) = preSolution
		HideSolutionNode = FALSE
	EndGlobalSection
	GlobalSection(ExtensibilityGlobals) = postSolution
		SolutionGuid = {F3F5745F-C499-48FB-A3C8-BDE748786433}
	EndGlobalSection
EndGlobal
